schema: '2.0'
stages:
  load_data:
    cmd: python src/stage_01_load_save.py --config=config/config.yaml
    deps:
    - path: config/config.yaml
      md5: bcaef766f06eabb6ba15fe0cc82767c5
      size: 209
    - path: src/stage_01_load_save.py
      md5: a6767775222536f6385cee3453af3f42
      size: 1060
    - path: src/utils/all_utils.py
      md5: 1ec704defb90de668ffa1e6ef0d543ad
      size: 392
    outs:
    - path: artifacts/raw_local_dir/data.csv
      md5: 7d814a1bda02145efe703f4e1c01847a
      size: 93599
  always_run:
    cmd: python rough/test.py
